
Microsoft Visual Studio Solution File, Format Version 11.00
# Visual Studio 2010
Project("{E24C65DC-7377-472B-9ABA-BC803B73C61A}") = "xmlnuke-csharp", "..\xmlnuke-csharp\", "{BC771C6F-43C8-420B-BF36-1C498DBE175D}"
	ProjectSection(WebsiteProperties) = preProject
		TargetFrameworkMoniker = ".NETFramework,Version%3Dv2.0"
		ProjectReferences = "{CFE065DD-A2C7-48C7-88A2-CD7B2FD351CA}|com.xmlnuke.dll;{9ED8591B-7A9D-4DCB-9A22-BB0EDAA71F3B}|com.xmlnuke.db.dll;"
		Debug.AspNetCompiler.VirtualPath = "/xmlnuke-csharp"
		Debug.AspNetCompiler.PhysicalPath = "..\xmlnuke-csharp\"
		Debug.AspNetCompiler.TargetPath = "PrecompiledWeb\xmlnuke-csharp\"
		Debug.AspNetCompiler.Updateable = "true"
		Debug.AspNetCompiler.ForceOverwrite = "true"
		Debug.AspNetCompiler.FixedNames = "false"
		Debug.AspNetCompiler.Debug = "True"
		Release.AspNetCompiler.VirtualPath = "/xmlnuke-csharp"
		Release.AspNetCompiler.PhysicalPath = "..\xmlnuke-csharp\"
		Release.AspNetCompiler.TargetPath = "PrecompiledWeb\xmlnuke-csharp\"
		Release.AspNetCompiler.Updateable = "true"
		Release.AspNetCompiler.ForceOverwrite = "true"
		Release.AspNetCompiler.FixedNames = "false"
		Release.AspNetCompiler.Debug = "False"
		VWDPort = "1380"
	EndProjectSection
EndProject
Project("{FAE04EC0-301F-11D3-BF4B-00C04F79EFBC}") = "xmlnuke.sample", "sample\xmlnuke.sample.csproj", "{549E3E16-600A-431B-A5BD-7C8106792B58}"
EndProject
Project("{FAE04EC0-301F-11D3-BF4B-00C04F79EFBC}") = "xmlnuke-csharp", "xmlnuke\xmlnuke-csharp.csproj", "{CFE065DD-A2C7-48C7-88A2-CD7B2FD351CA}"
EndProject
Project("{FAE04EC0-301F-11D3-BF4B-00C04F79EFBC}") = "xmlnukedb-csharp", "xmlnukedb\xmlnukedb-csharp.csproj", "{9ED8591B-7A9D-4DCB-9A22-BB0EDAA71F3B}"
EndProject
Global
	GlobalSection(SolutionConfigurationPlatforms) = preSolution
		Debug|.NET = Debug|.NET
		Debug|Any CPU = Debug|Any CPU
		Debug|Mixed Platforms = Debug|Mixed Platforms
		Release|.NET = Release|.NET
		Release|Any CPU = Release|Any CPU
		Release|Mixed Platforms = Release|Mixed Platforms
	EndGlobalSection
	GlobalSection(ProjectConfigurationPlatforms) = postSolution
		{BC771C6F-43C8-420B-BF36-1C498DBE175D}.Debug|.NET.ActiveCfg = Debug|.NET
		{BC771C6F-43C8-420B-BF36-1C498DBE175D}.Debug|.NET.Build.0 = Debug|.NET
		{BC771C6F-43C8-420B-BF36-1C498DBE175D}.Debug|Any CPU.ActiveCfg = Debug|.NET
		{BC771C6F-43C8-420B-BF36-1C498DBE175D}.Debug|Mixed Platforms.ActiveCfg = Debug|.NET
		{BC771C6F-43C8-420B-BF36-1C498DBE175D}.Debug|Mixed Platforms.Build.0 = Debug|.NET
		{BC771C6F-43C8-420B-BF36-1C498DBE175D}.Release|.NET.ActiveCfg = Debug|.NET
		{BC771C6F-43C8-420B-BF36-1C498DBE175D}.Release|.NET.Build.0 = Debug|.NET
		{BC771C6F-43C8-420B-BF36-1C498DBE175D}.Release|Any CPU.ActiveCfg = Debug|.NET
		{BC771C6F-43C8-420B-BF36-1C498DBE175D}.Release|Mixed Platforms.ActiveCfg = Debug|.NET
		{BC771C6F-43C8-420B-BF36-1C498DBE175D}.Release|Mixed Platforms.Build.0 = Debug|.NET
		{549E3E16-600A-431B-A5BD-7C8106792B58}.Debug|.NET.ActiveCfg = Debug|Any CPU
		{549E3E16-600A-431B-A5BD-7C8106792B58}.Debug|Any CPU.ActiveCfg = Debug|Any CPU
		{549E3E16-600A-431B-A5BD-7C8106792B58}.Debug|Any CPU.Build.0 = Debug|Any CPU
		{549E3E16-600A-431B-A5BD-7C8106792B58}.Debug|Mixed Platforms.ActiveCfg = Debug|Any CPU
		{549E3E16-600A-431B-A5BD-7C8106792B58}.Debug|Mixed Platforms.Build.0 = Debug|Any CPU
		{549E3E16-600A-431B-A5BD-7C8106792B58}.Release|.NET.ActiveCfg = Release|Any CPU
		{549E3E16-600A-431B-A5BD-7C8106792B58}.Release|Any CPU.ActiveCfg = Release|Any CPU
		{549E3E16-600A-431B-A5BD-7C8106792B58}.Release|Any CPU.Build.0 = Release|Any CPU
		{549E3E16-600A-431B-A5BD-7C8106792B58}.Release|Mixed Platforms.ActiveCfg = Release|Any CPU
		{549E3E16-600A-431B-A5BD-7C8106792B58}.Release|Mixed Platforms.Build.0 = Release|Any CPU
		{CFE065DD-A2C7-48C7-88A2-CD7B2FD351CA}.Debug|.NET.ActiveCfg = Debug|Any CPU
		{CFE065DD-A2C7-48C7-88A2-CD7B2FD351CA}.Debug|Any CPU.ActiveCfg = Debug|Any CPU
		{CFE065DD-A2C7-48C7-88A2-CD7B2FD351CA}.Debug|Any CPU.Build.0 = Debug|Any CPU
		{CFE065DD-A2C7-48C7-88A2-CD7B2FD351CA}.Debug|Mixed Platforms.ActiveCfg = Debug|Any CPU
		{CFE065DD-A2C7-48C7-88A2-CD7B2FD351CA}.Debug|Mixed Platforms.Build.0 = Debug|Any CPU
		{CFE065DD-A2C7-48C7-88A2-CD7B2FD351CA}.Release|.NET.ActiveCfg = Release|Any CPU
		{CFE065DD-A2C7-48C7-88A2-CD7B2FD351CA}.Release|Any CPU.ActiveCfg = Release|Any CPU
		{CFE065DD-A2C7-48C7-88A2-CD7B2FD351CA}.Release|Any CPU.Build.0 = Release|Any CPU
		{CFE065DD-A2C7-48C7-88A2-CD7B2FD351CA}.Release|Mixed Platforms.ActiveCfg = Release|Any CPU
		{CFE065DD-A2C7-48C7-88A2-CD7B2FD351CA}.Release|Mixed Platforms.Build.0 = Release|Any CPU
		{9ED8591B-7A9D-4DCB-9A22-BB0EDAA71F3B}.Debug|.NET.ActiveCfg = Debug|Any CPU
		{9ED8591B-7A9D-4DCB-9A22-BB0EDAA71F3B}.Debug|Any CPU.ActiveCfg = Debug|Any CPU
		{9ED8591B-7A9D-4DCB-9A22-BB0EDAA71F3B}.Debug|Any CPU.Build.0 = Debug|Any CPU
		{9ED8591B-7A9D-4DCB-9A22-BB0EDAA71F3B}.Debug|Mixed Platforms.ActiveCfg = Debug|Any CPU
		{9ED8591B-7A9D-4DCB-9A22-BB0EDAA71F3B}.Debug|Mixed Platforms.Build.0 = Debug|Any CPU
		{9ED8591B-7A9D-4DCB-9A22-BB0EDAA71F3B}.Release|.NET.ActiveCfg = Release|Any CPU
		{9ED8591B-7A9D-4DCB-9A22-BB0EDAA71F3B}.Release|Any CPU.ActiveCfg = Release|Any CPU
		{9ED8591B-7A9D-4DCB-9A22-BB0EDAA71F3B}.Release|Any CPU.Build.0 = Release|Any CPU
		{9ED8591B-7A9D-4DCB-9A22-BB0EDAA71F3B}.Release|Mixed Platforms.ActiveCfg = Release|Any CPU
		{9ED8591B-7A9D-4DCB-9A22-BB0EDAA71F3B}.Release|Mixed Platforms.Build.0 = Release|Any CPU
	EndGlobalSection
	GlobalSection(SolutionProperties) = preSolution
		HideSolutionNode = FALSE
	EndGlobalSection
EndGlobal
